
Microsoft Visual Studio Solution File, Format Version 12.00
# Visual Studio 15
VisualStudioVersion = 15.0.26124.0
MinimumVisualStudioVersion = 15.0.26124.0
Project("{FAE04EC0-301F-11D3-BF4B-00C04F79EFBC}") = "sample.mvc", "sample.mvc\sample.mvc.csproj", "{40ABC349-D37F-435C-8148-B51BEBF61B9B}"
EndProject
Project("{FAE04EC0-301F-11D3-BF4B-00C04F79EFBC}") = "sample.multi.env", "sample.multi.env\sample.multi.env.csproj", "{F6C6E8DC-DB51-4902-B677-25D4E5E14BC0}"
EndProject
Project("{FAE04EC0-301F-11D3-BF4B-00C04F79EFBC}") = "sample.integration", "sample.integration\sample.integration.csproj", "{85FF1021-A683-4597-B19F-5B33BDBA5DEE}"
EndProject
Project("{FAE04EC0-301F-11D3-BF4B-00C04F79EFBC}") = "sample.http", "sample.http\sample.http.csproj", "{2959FCC0-E400-49F0-9EFF-21391EB71454}"
EndProject
Project("{FAE04EC0-301F-11D3-BF4B-00C04F79EFBC}") = "sample.data", "sample.data\sample.data.csproj", "{0E05C646-BDFF-410A-8D1F-7ABB42096ED2}"
EndProject
Project("{FAE04EC0-301F-11D3-BF4B-00C04F79EFBC}") = "sample.config", "sample.config\sample.config.csproj", "{CEDEAE38-1C77-4801-804E-ED21A8F62186}"
EndProject
Project("{FAE04EC0-301F-11D3-BF4B-00C04F79EFBC}") = "sample.oauth", "sample.oauth\sample.oauth.csproj", "{0A6A749B-8CBB-4AF0-B060-20848826577E}"
EndProject
Project("{FAE04EC0-301F-11D3-BF4B-00C04F79EFBC}") = "sample.grpc", "sample.grpc\sample.grpc.csproj", "{75FC3838-87BF-446A-98DB-9D5167E9ED4A}"
EndProject
Project("{FAE04EC0-301F-11D3-BF4B-00C04F79EFBC}") = "sample.efcore", "sample.efcore\sample.efcore.csproj", "{5C3ECE69-A511-429C-BD08-6D80E6E5D52F}"
EndProject
Project("{FAE04EC0-301F-11D3-BF4B-00C04F79EFBC}") = "foundation.core", "foundation.core\foundation.core.csproj", "{65AACDAF-6450-4E44-B0C2-024E04F09954}"
EndProject
Global
	GlobalSection(SolutionConfigurationPlatforms) = preSolution
		Debug|Any CPU = Debug|Any CPU
		Debug|x64 = Debug|x64
		Debug|x86 = Debug|x86
		Release|Any CPU = Release|Any CPU
		Release|x64 = Release|x64
		Release|x86 = Release|x86
	EndGlobalSection
	GlobalSection(SolutionProperties) = preSolution
		HideSolutionNode = FALSE
	EndGlobalSection
	GlobalSection(ProjectConfigurationPlatforms) = postSolution
		{40ABC349-D37F-435C-8148-B51BEBF61B9B}.Debug|Any CPU.ActiveCfg = Debug|Any CPU
		{40ABC349-D37F-435C-8148-B51BEBF61B9B}.Debug|Any CPU.Build.0 = Debug|Any CPU
		{40ABC349-D37F-435C-8148-B51BEBF61B9B}.Debug|x64.ActiveCfg = Debug|Any CPU
		{40ABC349-D37F-435C-8148-B51BEBF61B9B}.Debug|x64.Build.0 = Debug|Any CPU
		{40ABC349-D37F-435C-8148-B51BEBF61B9B}.Debug|x86.ActiveCfg = Debug|Any CPU
		{40ABC349-D37F-435C-8148-B51BEBF61B9B}.Debug|x86.Build.0 = Debug|Any CPU
		{40ABC349-D37F-435C-8148-B51BEBF61B9B}.Release|Any CPU.ActiveCfg = Release|Any CPU
		{40ABC349-D37F-435C-8148-B51BEBF61B9B}.Release|Any CPU.Build.0 = Release|Any CPU
		{40ABC349-D37F-435C-8148-B51BEBF61B9B}.Release|x64.ActiveCfg = Release|Any CPU
		{40ABC349-D37F-435C-8148-B51BEBF61B9B}.Release|x64.Build.0 = Release|Any CPU
		{40ABC349-D37F-435C-8148-B51BEBF61B9B}.Release|x86.ActiveCfg = Release|Any CPU
		{40ABC349-D37F-435C-8148-B51BEBF61B9B}.Release|x86.Build.0 = Release|Any CPU
		{F6C6E8DC-DB51-4902-B677-25D4E5E14BC0}.Debug|Any CPU.ActiveCfg = Debug|Any CPU
		{F6C6E8DC-DB51-4902-B677-25D4E5E14BC0}.Debug|Any CPU.Build.0 = Debug|Any CPU
		{F6C6E8DC-DB51-4902-B677-25D4E5E14BC0}.Debug|x64.ActiveCfg = Debug|Any CPU
		{F6C6E8DC-DB51-4902-B677-25D4E5E14BC0}.Debug|x64.Build.0 = Debug|Any CPU
		{F6C6E8DC-DB51-4902-B677-25D4E5E14BC0}.Debug|x86.ActiveCfg = Debug|Any CPU
		{F6C6E8DC-DB51-4902-B677-25D4E5E14BC0}.Debug|x86.Build.0 = Debug|Any CPU
		{F6C6E8DC-DB51-4902-B677-25D4E5E14BC0}.Release|Any CPU.ActiveCfg = Release|Any CPU
		{F6C6E8DC-DB51-4902-B677-25D4E5E14BC0}.Release|Any CPU.Build.0 = Release|Any CPU
		{F6C6E8DC-DB51-4902-B677-25D4E5E14BC0}.Release|x64.ActiveCfg = Release|Any CPU
		{F6C6E8DC-DB51-4902-B677-25D4E5E14BC0}.Release|x64.Build.0 = Release|Any CPU
		{F6C6E8DC-DB51-4902-B677-25D4E5E14BC0}.Release|x86.ActiveCfg = Release|Any CPU
		{F6C6E8DC-DB51-4902-B677-25D4E5E14BC0}.Release|x86.Build.0 = Release|Any CPU
		{85FF1021-A683-4597-B19F-5B33BDBA5DEE}.Debug|Any CPU.ActiveCfg = Debug|Any CPU
		{85FF1021-A683-4597-B19F-5B33BDBA5DEE}.Debug|Any CPU.Build.0 = Debug|Any CPU
		{85FF1021-A683-4597-B19F-5B33BDBA5DEE}.Debug|x64.ActiveCfg = Debug|Any CPU
		{85FF1021-A683-4597-B19F-5B33BDBA5DEE}.Debug|x64.Build.0 = Debug|Any CPU
		{85FF1021-A683-4597-B19F-5B33BDBA5DEE}.Debug|x86.ActiveCfg = Debug|Any CPU
		{85FF1021-A683-4597-B19F-5B33BDBA5DEE}.Debug|x86.Build.0 = Debug|Any CPU
		{85FF1021-A683-4597-B19F-5B33BDBA5DEE}.Release|Any CPU.ActiveCfg = Release|Any CPU
		{85FF1021-A683-4597-B19F-5B33BDBA5DEE}.Release|Any CPU.Build.0 = Release|Any CPU
		{85FF1021-A683-4597-B19F-5B33BDBA5DEE}.Release|x64.ActiveCfg = Release|Any CPU
		{85FF1021-A683-4597-B19F-5B33BDBA5DEE}.Release|x64.Build.0 = Release|Any CPU
		{85FF1021-A683-4597-B19F-5B33BDBA5DEE}.Release|x86.ActiveCfg = Release|Any CPU
		{85FF1021-A683-4597-B19F-5B33BDBA5DEE}.Release|x86.Build.0 = Release|Any CPU
		{2959FCC0-E400-49F0-9EFF-21391EB71454}.Debug|Any CPU.ActiveCfg = Debug|Any CPU
		{2959FCC0-E400-49F0-9EFF-21391EB71454}.Debug|Any CPU.Build.0 = Debug|Any CPU
		{2959FCC0-E400-49F0-9EFF-21391EB71454}.Debug|x64.ActiveCfg = Debug|Any CPU
		{2959FCC0-E400-49F0-9EFF-21391EB71454}.Debug|x64.Build.0 = Debug|Any CPU
		{2959FCC0-E400-49F0-9EFF-21391EB71454}.Debug|x86.ActiveCfg = Debug|Any CPU
		{2959FCC0-E400-49F0-9EFF-21391EB71454}.Debug|x86.Build.0 = Debug|Any CPU
		{2959FCC0-E400-49F0-9EFF-21391EB71454}.Release|Any CPU.ActiveCfg = Release|Any CPU
		{2959FCC0-E400-49F0-9EFF-21391EB71454}.Release|Any CPU.Build.0 = Release|Any CPU
		{2959FCC0-E400-49F0-9EFF-21391EB71454}.Release|x64.ActiveCfg = Release|Any CPU
		{2959FCC0-E400-49F0-9EFF-21391EB71454}.Release|x64.Build.0 = Release|Any CPU
		{2959FCC0-E400-49F0-9EFF-21391EB71454}.Release|x86.ActiveCfg = Release|Any CPU
		{2959FCC0-E400-49F0-9EFF-21391EB71454}.Release|x86.Build.0 = Release|Any CPU
		{0E05C646-BDFF-410A-8D1F-7ABB42096ED2}.Debug|Any CPU.ActiveCfg = Debug|Any CPU
		{0E05C646-BDFF-410A-8D1F-7ABB42096ED2}.Debug|Any CPU.Build.0 = Debug|Any CPU
		{0E05C646-BDFF-410A-8D1F-7ABB42096ED2}.Debug|x64.ActiveCfg = Debug|Any CPU
		{0E05C646-BDFF-410A-8D1F-7ABB42096ED2}.Debug|x64.Build.0 = Debug|Any CPU
		{0E05C646-BDFF-410A-8D1F-7ABB42096ED2}.Debug|x86.ActiveCfg = Debug|Any CPU
		{0E05C646-BDFF-410A-8D1F-7ABB42096ED2}.Debug|x86.Build.0 = Debug|Any CPU
		{0E05C646-BDFF-410A-8D1F-7ABB42096ED2}.Release|Any CPU.ActiveCfg = Release|Any CPU
		{0E05C646-BDFF-410A-8D1F-7ABB42096ED2}.Release|Any CPU.Build.0 = Release|Any CPU
		{0E05C646-BDFF-410A-8D1F-7ABB42096ED2}.Release|x64.ActiveCfg = Release|Any CPU
		{0E05C646-BDFF-410A-8D1F-7ABB42096ED2}.Release|x64.Build.0 = Release|Any CPU
		{0E05C646-BDFF-410A-8D1F-7ABB42096ED2}.Release|x86.ActiveCfg = Release|Any CPU
		{0E05C646-BDFF-410A-8D1F-7ABB42096ED2}.Release|x86.Build.0 = Release|Any CPU
		{CEDEAE38-1C77-4801-804E-ED21A8F62186}.Debug|Any CPU.ActiveCfg = Debug|Any CPU
		{CEDEAE38-1C77-4801-804E-ED21A8F62186}.Debug|Any CPU.Build.0 = Debug|Any CPU
		{CEDEAE38-1C77-4801-804E-ED21A8F62186}.Debug|x64.ActiveCfg = Debug|Any CPU
		{CEDEAE38-1C77-4801-804E-ED21A8F62186}.Debug|x64.Build.0 = Debug|Any CPU
		{CEDEAE38-1C77-4801-804E-ED21A8F62186}.Debug|x86.ActiveCfg = Debug|Any CPU
		{CEDEAE38-1C77-4801-804E-ED21A8F62186}.Debug|x86.Build.0 = Debug|Any CPU
		{CEDEAE38-1C77-4801-804E-ED21A8F62186}.Release|Any CPU.ActiveCfg = Release|Any CPU
		{CEDEAE38-1C77-4801-804E-ED21A8F62186}.Release|Any CPU.Build.0 = Release|Any CPU
		{CEDEAE38-1C77-4801-804E-ED21A8F62186}.Release|x64.ActiveCfg = Release|Any CPU
		{CEDEAE38-1C77-4801-804E-ED21A8F62186}.Release|x64.Build.0 = Release|Any CPU
		{CEDEAE38-1C77-4801-804E-ED21A8F62186}.Release|x86.ActiveCfg = Release|Any CPU
		{CEDEAE38-1C77-4801-804E-ED21A8F62186}.Release|x86.Build.0 = Release|Any CPU
		{0A6A749B-8CBB-4AF0-B060-20848826577E}.Debug|Any CPU.ActiveCfg = Debug|Any CPU
		{0A6A749B-8CBB-4AF0-B060-20848826577E}.Debug|Any CPU.Build.0 = Debug|Any CPU
		{0A6A749B-8CBB-4AF0-B060-20848826577E}.Debug|x64.ActiveCfg = Debug|Any CPU
		{0A6A749B-8CBB-4AF0-B060-20848826577E}.Debug|x64.Build.0 = Debug|Any CPU
		{0A6A749B-8CBB-4AF0-B060-20848826577E}.Debug|x86.ActiveCfg = Debug|Any CPU
		{0A6A749B-8CBB-4AF0-B060-20848826577E}.Debug|x86.Build.0 = Debug|Any CPU
		{0A6A749B-8CBB-4AF0-B060-20848826577E}.Release|Any CPU.ActiveCfg = Release|Any CPU
		{0A6A749B-8CBB-4AF0-B060-20848826577E}.Release|Any CPU.Build.0 = Release|Any CPU
		{0A6A749B-8CBB-4AF0-B060-20848826577E}.Release|x64.ActiveCfg = Release|Any CPU
		{0A6A749B-8CBB-4AF0-B060-20848826577E}.Release|x64.Build.0 = Release|Any CPU
		{0A6A749B-8CBB-4AF0-B060-20848826577E}.Release|x86.ActiveCfg = Release|Any CPU
		{0A6A749B-8CBB-4AF0-B060-20848826577E}.Release|x86.Build.0 = Release|Any CPU
		{75FC3838-87BF-446A-98DB-9D5167E9ED4A}.Debug|Any CPU.ActiveCfg = Debug|Any CPU
		{75FC3838-87BF-446A-98DB-9D5167E9ED4A}.Debug|Any CPU.Build.0 = Debug|Any CPU
		{75FC3838-87BF-446A-98DB-9D5167E9ED4A}.Debug|x64.ActiveCfg = Debug|Any CPU
		{75FC3838-87BF-446A-98DB-9D5167E9ED4A}.Debug|x64.Build.0 = Debug|Any CPU
		{75FC3838-87BF-446A-98DB-9D5167E9ED4A}.Debug|x86.ActiveCfg = Debug|Any CPU
		{75FC3838-87BF-446A-98DB-9D5167E9ED4A}.Debug|x86.Build.0 = Debug|Any CPU
		{75FC3838-87BF-446A-98DB-9D5167E9ED4A}.Release|Any CPU.ActiveCfg = Release|Any CPU
		{75FC3838-87BF-446A-98DB-9D5167E9ED4A}.Release|Any CPU.Build.0 = Release|Any CPU
		{75FC3838-87BF-446A-98DB-9D5167E9ED4A}.Release|x64.ActiveCfg = Release|Any CPU
		{75FC3838-87BF-446A-98DB-9D5167E9ED4A}.Release|x64.Build.0 = Release|Any CPU
		{75FC3838-87BF-446A-98DB-9D5167E9ED4A}.Release|x86.ActiveCfg = Release|Any CPU
		{75FC3838-87BF-446A-98DB-9D5167E9ED4A}.Release|x86.Build.0 = Release|Any CPU
		{5C3ECE69-A511-429C-BD08-6D80E6E5D52F}.Debug|Any CPU.ActiveCfg = Debug|Any CPU
		{5C3ECE69-A511-429C-BD08-6D80E6E5D52F}.Debug|Any CPU.Build.0 = Debug|Any CPU
		{5C3ECE69-A511-429C-BD08-6D80E6E5D52F}.Debug|x64.ActiveCfg = Debug|Any CPU
		{5C3ECE69-A511-429C-BD08-6D80E6E5D52F}.Debug|x64.Build.0 = Debug|Any CPU
		{5C3ECE69-A511-429C-BD08-6D80E6E5D52F}.Debug|x86.ActiveCfg = Debug|Any CPU
		{5C3ECE69-A511-429C-BD08-6D80E6E5D52F}.Debug|x86.Build.0 = Debug|Any CPU
		{5C3ECE69-A511-429C-BD08-6D80E6E5D52F}.Release|Any CPU.ActiveCfg = Release|Any CPU
		{5C3ECE69-A511-429C-BD08-6D80E6E5D52F}.Release|Any CPU.Build.0 = Release|Any CPU
		{5C3ECE69-A511-429C-BD08-6D80E6E5D52F}.Release|x64.ActiveCfg = Release|Any CPU
		{5C3ECE69-A511-429C-BD08-6D80E6E5D52F}.Release|x64.Build.0 = Release|Any CPU
		{5C3ECE69-A511-429C-BD08-6D80E6E5D52F}.Release|x86.ActiveCfg = Release|Any CPU
		{5C3ECE69-A511-429C-BD08-6D80E6E5D52F}.Release|x86.Build.0 = Release|Any CPU
		{65AACDAF-6450-4E44-B0C2-024E04F09954}.Debug|Any CPU.ActiveCfg = Debug|Any CPU
		{65AACDAF-6450-4E44-B0C2-024E04F09954}.Debug|Any CPU.Build.0 = Debug|Any CPU
		{65AACDAF-6450-4E44-B0C2-024E04F09954}.Debug|x64.ActiveCfg = Debug|Any CPU
		{65AACDAF-6450-4E44-B0C2-024E04F09954}.Debug|x64.Build.0 = Debug|Any CPU
		{65AACDAF-6450-4E44-B0C2-024E04F09954}.Debug|x86.ActiveCfg = Debug|Any CPU
		{65AACDAF-6450-4E44-B0C2-024E04F09954}.Debug|x86.Build.0 = Debug|Any CPU
		{65AACDAF-6450-4E44-B0C2-024E04F09954}.Release|Any CPU.ActiveCfg = Release|Any CPU
		{65AACDAF-6450-4E44-B0C2-024E04F09954}.Release|Any CPU.Build.0 = Release|Any CPU
		{65AACDAF-6450-4E44-B0C2-024E04F09954}.Release|x64.ActiveCfg = Release|Any CPU
		{65AACDAF-6450-4E44-B0C2-024E04F09954}.Release|x64.Build.0 = Release|Any CPU
		{65AACDAF-6450-4E44-B0C2-024E04F09954}.Release|x86.ActiveCfg = Release|Any CPU
		{65AACDAF-6450-4E44-B0C2-024E04F09954}.Release|x86.Build.0 = Release|Any CPU
	EndGlobalSection
EndGlobal
